
Microsoft Visual Studio Solution File, Format Version 12.00
# Visual Studio 14
VisualStudioVersion = 14.0.25420.1
MinimumVisualStudioVersion = 10.0.40219.1
Project("{2150E333-8FDC-42A3-9474-1A3956D46DE8}") = "src", "src", "{4FE86E32-4BBF-42DD-9B97-1C7530C5FB07}"
EndProject
Project("{2150E333-8FDC-42A3-9474-1A3956D46DE8}") = "Solution Items", "Solution Items", "{2FA7CDF7-690A-48D3-AF3B-72B7647D15A7}"
	ProjectSection(SolutionItems) = preProject
		global.json = global.json
	EndProjectSection
EndProject
Project("{8BB2217D-0F2D-49D1-97BC-3654ED321F3B}") = "WebApplication1", "src\WebApplication1\WebApplication1.xproj", "{F87B49D0-206D-4C01-81D7-96836DB9F5F0}"
EndProject
Global
	GlobalSection(SolutionConfigurationPlatforms) = preSolution
		Debug|Any CPU = Debug|Any CPU
		Release|Any CPU = Release|Any CPU
	EndGlobalSection
	GlobalSection(ProjectConfigurationPlatforms) = postSolution
		{F87B49D0-206D-4C01-81D7-96836DB9F5F0}.Debug|Any CPU.ActiveCfg = Debug|Any CPU
		{F87B49D0-206D-4C01-81D7-96836DB9F5F0}.Debug|Any CPU.Build.0 = Debug|Any CPU
		{F87B49D0-206D-4C01-81D7-96836DB9F5F0}.Release|Any CPU.ActiveCfg = Release|Any CPU
		{F87B49D0-206D-4C01-81D7-96836DB9F5F0}.Release|Any CPU.Build.0 = Release|Any CPU
	EndGlobalSection
	GlobalSection(SolutionProperties) = preSolution
		HideSolutionNode = FALSE
	EndGlobalSection
	GlobalSection(NestedProjects) = preSolution
		{F87B49D0-206D-4C01-81D7-96836DB9F5F0} = {4FE86E32-4BBF-42DD-9B97-1C7530C5FB07}
	EndGlobalSection
EndGlobal
