
Microsoft Visual Studio Solution File, Format Version 12.00
# Visual Studio 14
VisualStudioVersion = 14.0.25420.1
MinimumVisualStudioVersion = 10.0.40219.1
Project("{2150E333-8FDC-42A3-9474-1A3956D46DE8}") = "src", "src", "{923E8E15-05B5-4861-B497-015E645582D6}"
EndProject
Project("{2150E333-8FDC-42A3-9474-1A3956D46DE8}") = "Solution Items", "Solution Items", "{FECDCC1E-BBA4-4B4A-A21F-DD4D852F3550}"
	ProjectSection(SolutionItems) = preProject
		global.json = global.json
	EndProjectSection
EndProject
Project("{8BB2217D-0F2D-49D1-97BC-3654ED321F3B}") = "FrameGeometry1", "src\FrameGeometry1\FrameGeometry1.xproj", "{5AB2FF3D-D1D5-4B8B-91D4-9B67E71D97C8}"
EndProject
Global
	GlobalSection(SolutionConfigurationPlatforms) = preSolution
		Debug|Any CPU = Debug|Any CPU
		Release|Any CPU = Release|Any CPU
	EndGlobalSection
	GlobalSection(ProjectConfigurationPlatforms) = postSolution
		{5AB2FF3D-D1D5-4B8B-91D4-9B67E71D97C8}.Debug|Any CPU.ActiveCfg = Debug|Any CPU
		{5AB2FF3D-D1D5-4B8B-91D4-9B67E71D97C8}.Debug|Any CPU.Build.0 = Debug|Any CPU
		{5AB2FF3D-D1D5-4B8B-91D4-9B67E71D97C8}.Release|Any CPU.ActiveCfg = Release|Any CPU
		{5AB2FF3D-D1D5-4B8B-91D4-9B67E71D97C8}.Release|Any CPU.Build.0 = Release|Any CPU
	EndGlobalSection
	GlobalSection(SolutionProperties) = preSolution
		HideSolutionNode = FALSE
	EndGlobalSection
	GlobalSection(NestedProjects) = preSolution
		{5AB2FF3D-D1D5-4B8B-91D4-9B67E71D97C8} = {923E8E15-05B5-4861-B497-015E645582D6}
	EndGlobalSection
EndGlobal
